{
  "requires": true,
  "lockfileVersion": 1,
  "dependencies": {
    "@coreui/coreui": {
      "version": "3.0.0-beta.4",
      "resolved": "https://registry.npmjs.org/@coreui/coreui/-/coreui-3.0.0-beta.4.tgz",
      "integrity": "sha512-hfSw2CVLx+yLaKZxWGpcGPa8DbFAbUWO1fk+5V5ZVB9L9AWtspREh8UtPU1xTdq9KjuRowWask8q0jKBXQClSA=="
    },
    "@coreui/icons": {
      "version": "1.0.0",
      "resolved": "https://registry.npmjs.org/@coreui/icons/-/icons-1.0.0.tgz",
      "integrity": "sha512-a5zbcmnlYqZkPen2iJvd0G1VGAK4S+40pV6KIJgLt1H04ALyqVoaVPiIEx3VOOmxlrxAHvIaua8Qq0+/hA+AGQ=="
    }
  }
}
